
Microsoft Visual Studio Solution File, Format Version 12.00
# Visual Studio Version 16
VisualStudioVersion = 16.0.31624.102
MinimumVisualStudioVersion = 10.0.40219.1
Project("{FAE04EC0-301F-11D3-BF4B-00C04F79EFBC}") = "SerialCom", "SerialCom\SerialCom.csproj", "{293C7DFD-2AF8-4E61-927A-46072A9F6182}"
EndProject
Global
	GlobalSection(SolutionConfigurationPlatforms) = preSolution
		Debug|Any CPU = Debug|Any CPU
		Release|Any CPU = Release|Any CPU
	EndGlobalSection
	GlobalSection(ProjectConfigurationPlatforms) = postSolution
		{293C7DFD-2AF8-4E61-927A-46072A9F6182}.Debug|Any CPU.ActiveCfg = Debug|Any CPU
		{293C7DFD-2AF8-4E61-927A-46072A9F6182}.Debug|Any CPU.Build.0 = Debug|Any CPU
		{293C7DFD-2AF8-4E61-927A-46072A9F6182}.Release|Any CPU.ActiveCfg = Release|Any CPU
		{293C7DFD-2AF8-4E61-927A-46072A9F6182}.Release|Any CPU.Build.0 = Release|Any CPU
	EndGlobalSection
	GlobalSection(SolutionProperties) = preSolution
		HideSolutionNode = FALSE
	EndGlobalSection
	GlobalSection(ExtensibilityGlobals) = postSolution
		SolutionGuid = {D52D6B80-3854-499E-8028-35CA40DD7D18}
	EndGlobalSection
EndGlobal
